
Microsoft Visual Studio Solution File, Format Version 12.00
# Visual Studio Version 17
VisualStudioVersion = 17.6.33829.357
MinimumVisualStudioVersion = 10.0.40219.1
Project("{FAE04EC0-301F-11D3-BF4B-00C04F79EFBC}") = "Yugen Naidoo ST10047403 PROG6212 POE PART 1", "Yugen Naidoo ST10047403 PROG6212 POE PART 1\Yugen Naidoo ST10047403 PROG6212 POE PART 1.csproj", "{0E503FC9-5212-4287-93BB-2236E2313D11}"
EndProject
Global
	GlobalSection(SolutionConfigurationPlatforms) = preSolution
		Debug|Any CPU = Debug|Any CPU
		Release|Any CPU = Release|Any CPU
	EndGlobalSection
	GlobalSection(ProjectConfigurationPlatforms) = postSolution
		{0E503FC9-5212-4287-93BB-2236E2313D11}.Debug|Any CPU.ActiveCfg = Debug|Any CPU
		{0E503FC9-5212-4287-93BB-2236E2313D11}.Debug|Any CPU.Build.0 = Debug|Any CPU
		{0E503FC9-5212-4287-93BB-2236E2313D11}.Release|Any CPU.ActiveCfg = Release|Any CPU
		{0E503FC9-5212-4287-93BB-2236E2313D11}.Release|Any CPU.Build.0 = Release|Any CPU
	EndGlobalSection
	GlobalSection(SolutionProperties) = preSolution
		HideSolutionNode = FALSE
	EndGlobalSection
	GlobalSection(ExtensibilityGlobals) = postSolution
		SolutionGuid = {2F073EE4-A105-45EC-B538-7EE5CBA6F10B}
	EndGlobalSection
EndGlobal
